
Microsoft Visual Studio Solution File, Format Version 12.00
# Visual Studio Version 17
VisualStudioVersion = 17.5.33516.290
MinimumVisualStudioVersion = 10.0.40219.1
Project("{9A19103F-16F7-4668-BE54-9A1E7A4F7556}") = "Task4.Core", "Task4.Core\Task4.Core.csproj", "{685848D9-86D0-4856-A682-09B9480DFD16}"
EndProject
Project("{FAE04EC0-301F-11D3-BF4B-00C04F79EFBC}") = "Task4.Tests", "Task4.Tests\Task4.Tests.csproj", "{3A5C30B5-1E37-46A1-BD73-63E84C7C3BC9}"
EndProject
Global
	GlobalSection(SolutionConfigurationPlatforms) = preSolution
		Debug|Any CPU = Debug|Any CPU
		Release|Any CPU = Release|Any CPU
	EndGlobalSection
	GlobalSection(ProjectConfigurationPlatforms) = postSolution
		{685848D9-86D0-4856-A682-09B9480DFD16}.Debug|Any CPU.ActiveCfg = Debug|Any CPU
		{685848D9-86D0-4856-A682-09B9480DFD16}.Debug|Any CPU.Build.0 = Debug|Any CPU
		{685848D9-86D0-4856-A682-09B9480DFD16}.Release|Any CPU.ActiveCfg = Release|Any CPU
		{685848D9-86D0-4856-A682-09B9480DFD16}.Release|Any CPU.Build.0 = Release|Any CPU
		{3A5C30B5-1E37-46A1-BD73-63E84C7C3BC9}.Debug|Any CPU.ActiveCfg = Debug|Any CPU
		{3A5C30B5-1E37-46A1-BD73-63E84C7C3BC9}.Debug|Any CPU.Build.0 = Debug|Any CPU
		{3A5C30B5-1E37-46A1-BD73-63E84C7C3BC9}.Release|Any CPU.ActiveCfg = Release|Any CPU
		{3A5C30B5-1E37-46A1-BD73-63E84C7C3BC9}.Release|Any CPU.Build.0 = Release|Any CPU
	EndGlobalSection
	GlobalSection(SolutionProperties) = preSolution
		HideSolutionNode = FALSE
	EndGlobalSection
	GlobalSection(ExtensibilityGlobals) = postSolution
		SolutionGuid = {D49074B3-712A-48A4-BCD1-88FDA72393B7}
	EndGlobalSection
EndGlobal
