
Microsoft Visual Studio Solution File, Format Version 12.00
# Visual Studio Version 17
VisualStudioVersion = 17.5.33516.290
MinimumVisualStudioVersion = 10.0.40219.1
Project("{9A19103F-16F7-4668-BE54-9A1E7A4F7556}") = "Task2.Core", "Task2.Core\Task2.Core.csproj", "{1757C714-6289-4AB2-950B-92FD74AF57CA}"
EndProject
Project("{9A19103F-16F7-4668-BE54-9A1E7A4F7556}") = "Task2.Library", "Task2.Library\Task2.Library\Task2.Library.csproj", "{D0EF0766-9D40-456D-B7BB-1D02881DA907}"
EndProject
Project("{FAE04EC0-301F-11D3-BF4B-00C04F79EFBC}") = "Task2.Tests", "Task2.Tests\Task2.Tests.csproj", "{4D88EB0D-0CF4-402C-BDDD-00942E992C6B}"
EndProject
Global
	GlobalSection(SolutionConfigurationPlatforms) = preSolution
		Debug|Any CPU = Debug|Any CPU
		Release|Any CPU = Release|Any CPU
	EndGlobalSection
	GlobalSection(ProjectConfigurationPlatforms) = postSolution
		{1757C714-6289-4AB2-950B-92FD74AF57CA}.Debug|Any CPU.ActiveCfg = Debug|Any CPU
		{1757C714-6289-4AB2-950B-92FD74AF57CA}.Debug|Any CPU.Build.0 = Debug|Any CPU
		{1757C714-6289-4AB2-950B-92FD74AF57CA}.Release|Any CPU.ActiveCfg = Release|Any CPU
		{1757C714-6289-4AB2-950B-92FD74AF57CA}.Release|Any CPU.Build.0 = Release|Any CPU
		{D0EF0766-9D40-456D-B7BB-1D02881DA907}.Debug|Any CPU.ActiveCfg = Debug|Any CPU
		{D0EF0766-9D40-456D-B7BB-1D02881DA907}.Debug|Any CPU.Build.0 = Debug|Any CPU
		{D0EF0766-9D40-456D-B7BB-1D02881DA907}.Release|Any CPU.ActiveCfg = Release|Any CPU
		{D0EF0766-9D40-456D-B7BB-1D02881DA907}.Release|Any CPU.Build.0 = Release|Any CPU
		{4D88EB0D-0CF4-402C-BDDD-00942E992C6B}.Debug|Any CPU.ActiveCfg = Debug|Any CPU
		{4D88EB0D-0CF4-402C-BDDD-00942E992C6B}.Debug|Any CPU.Build.0 = Debug|Any CPU
		{4D88EB0D-0CF4-402C-BDDD-00942E992C6B}.Release|Any CPU.ActiveCfg = Release|Any CPU
		{4D88EB0D-0CF4-402C-BDDD-00942E992C6B}.Release|Any CPU.Build.0 = Release|Any CPU
	EndGlobalSection
	GlobalSection(SolutionProperties) = preSolution
		HideSolutionNode = FALSE
	EndGlobalSection
	GlobalSection(ExtensibilityGlobals) = postSolution
		SolutionGuid = {3BBBAD4F-BC62-497B-B479-F9D351DD764D}
	EndGlobalSection
EndGlobal
